
Microsoft Visual Studio Solution File, Format Version 12.00
# Visual Studio Version 16
VisualStudioVersion = 16.0.30114.105
MinimumVisualStudioVersion = 10.0.40219.1
Project("{FAE04EC0-301F-11D3-BF4B-00C04F79EFBC}") = "Userregistration", "Userregistration\Userregistration.csproj", "{C5FC4F4D-4E04-427A-928B-04FF98BD0D64}"
EndProject
Global
	GlobalSection(SolutionConfigurationPlatforms) = preSolution
		Debug|Any CPU = Debug|Any CPU
		Release|Any CPU = Release|Any CPU
	EndGlobalSection
	GlobalSection(ProjectConfigurationPlatforms) = postSolution
		{C5FC4F4D-4E04-427A-928B-04FF98BD0D64}.Debug|Any CPU.ActiveCfg = Debug|Any CPU
		{C5FC4F4D-4E04-427A-928B-04FF98BD0D64}.Debug|Any CPU.Build.0 = Debug|Any CPU
		{C5FC4F4D-4E04-427A-928B-04FF98BD0D64}.Release|Any CPU.ActiveCfg = Release|Any CPU
		{C5FC4F4D-4E04-427A-928B-04FF98BD0D64}.Release|Any CPU.Build.0 = Release|Any CPU
	EndGlobalSection
	GlobalSection(SolutionProperties) = preSolution
		HideSolutionNode = FALSE
	EndGlobalSection
	GlobalSection(ExtensibilityGlobals) = postSolution
		SolutionGuid = {1C29F484-6DE2-4C00-B8C0-1CF3509EE957}
	EndGlobalSection
EndGlobal
